{
  "nodes": {
    "nixpkgs": {
      "locked": {
        "lastModified": 1696815342,
        "narHash": "sha256-MHA0Ye0PaFF6pay6tP9yMgwWvuqRraa9bH45U88RwC4=",
        "owner": "NixOS",
        "repo": "nixpkgs",
        "rev": "8be69c1764f58e07099e4a24b926f49bbada8c7f",
        "type": "github"
      },
      "original": {
        "id": "nixpkgs",
        "ref": "release-23.05",
        "type": "indirect"
      }
    },
    "root": {
      "inputs": {
        "nixpkgs": "nixpkgs"
      }
    }
  },
  "root": "root",
  "version": 7
}
